
Microsoft Visual Studio Solution File, Format Version 12.00
# Visual Studio Version 17
VisualStudioVersion = 17.10.35027.167
MinimumVisualStudioVersion = 10.0.40219.1
Project("{FAE04EC0-301F-11D3-BF4B-00C04F79EFBC}") = "ParqueoULACIT", "ParqueoULACIT.csproj", "{C8139F04-AAC4-45F6-96DE-2C70340AE7DD}"
EndProject
Global
	GlobalSection(SolutionConfigurationPlatforms) = preSolution
		Debug|Any CPU = Debug|Any CPU
		Release|Any CPU = Release|Any CPU
	EndGlobalSection
	GlobalSection(ProjectConfigurationPlatforms) = postSolution
		{C8139F04-AAC4-45F6-96DE-2C70340AE7DD}.Debug|Any CPU.ActiveCfg = Debug|Any CPU
		{C8139F04-AAC4-45F6-96DE-2C70340AE7DD}.Debug|Any CPU.Build.0 = Debug|Any CPU
		{C8139F04-AAC4-45F6-96DE-2C70340AE7DD}.Release|Any CPU.ActiveCfg = Release|Any CPU
		{C8139F04-AAC4-45F6-96DE-2C70340AE7DD}.Release|Any CPU.Build.0 = Release|Any CPU
	EndGlobalSection
	GlobalSection(SolutionProperties) = preSolution
		HideSolutionNode = FALSE
	EndGlobalSection
	GlobalSection(ExtensibilityGlobals) = postSolution
		SolutionGuid = {C6B1BA44-8A77-418C-AB9D-7080B8E0D7E5}
	EndGlobalSection
EndGlobal
